
Microsoft Visual Studio Solution File, Format Version 12.00
# Visual Studio Version 16
VisualStudioVersion = 16.0.31112.23
MinimumVisualStudioVersion = 10.0.40219.1
Project("{2150E333-8FDC-42A3-9474-1A3956D46DE8}") = "Chapter02", "Chapter02", "{A7A48AFF-E042-4BD7-B8B1-38E81844716A}"
EndProject
Project("{FAE04EC0-301F-11D3-BF4B-00C04F79EFBC}") = "DistanceConverter", "DistanceConverter\DistanceConverter.csproj", "{08367C8D-E315-48DF-BA4C-2AF5820C4C47}"
EndProject
Project("{FAE04EC0-301F-11D3-BF4B-00C04F79EFBC}") = "SalesCalculator", "SalesCalculator\SalesCalculator.csproj", "{E6356D79-97DF-4E1A-AC0F-365CABB4C38D}"
EndProject
Project("{FAE04EC0-301F-11D3-BF4B-00C04F79EFBC}") = "Exercise1", "Exercise1\Exercise1.csproj", "{AB0D8E85-FA4C-481B-B3A0-DCFCE28300A5}"
EndProject
Project("{2150E333-8FDC-42A3-9474-1A3956D46DE8}") = "Exercise", "Exercise", "{0708B073-DE44-45E8-B586-2847C784F50F}"
EndProject
Project("{FAE04EC0-301F-11D3-BF4B-00C04F79EFBC}") = "Exercise2", "Exercise2\Exercise2.csproj", "{0DCA2699-156E-4B39-963A-1107511FB7DE}"
EndProject
Project("{FAE04EC0-301F-11D3-BF4B-00C04F79EFBC}") = "Exercise3", "Exercise3\Exercise3.csproj", "{1A66CF2A-C3CB-47E2-8F8C-CC3EE7E31DC3}"
EndProject
Project("{2150E333-8FDC-42A3-9474-1A3956D46DE8}") = "Chapter03", "Chapter03", "{01E6C537-FC46-4BCC-B823-712E44670A20}"
EndProject
Project("{FAE04EC0-301F-11D3-BF4B-00C04F79EFBC}") = "Section01", "Section01\Section01.csproj", "{B70B4994-3976-43BA-BEE5-02D41FF05F7A}"
EndProject
Project("{FAE04EC0-301F-11D3-BF4B-00C04F79EFBC}") = "Section01", "Chapter04\Section01\Section01.csproj", "{79AADBC6-9932-4599-9B04-ECC4047392C4}"
EndProject
Project("{2150E333-8FDC-42A3-9474-1A3956D46DE8}") = "Chapter04", "Chapter04", "{4913B759-1A46-4F10-AE6C-25644E075A0B}"
	ProjectSection(SolutionItems) = preProject
		Chapter04\jh.cs = Chapter04\jh.cs
		D:\Exercise2\Program.cs = D:\Exercise2\Program.cs
	EndProjectSection
EndProject
Project("{2150E333-8FDC-42A3-9474-1A3956D46DE8}") = "Exercise", "Exercise", "{907BC474-3DA9-4BC6-BE77-79FA3B600E8F}"
EndProject
Project("{FAE04EC0-301F-11D3-BF4B-00C04F79EFBC}") = "Exercise1", "Chapter04\Exercise1\Exercise1.csproj", "{E0399880-6E1C-4906-AD6D-229D53D6ABEE}"
EndProject
Project("{FAE04EC0-301F-11D3-BF4B-00C04F79EFBC}") = "Exercise2", "Chapter04\Exercise2\Exercise2.csproj", "{C3143E34-C8DC-4ECA-8CAC-AF9372931CE7}"
EndProject
Project("{FAE04EC0-301F-11D3-BF4B-00C04F79EFBC}") = "Exercise1", "Chapter05\Exercise1\Exercise1.csproj", "{5DEBB4A6-DADA-4916-A38B-BD61EFE55DEC}"
EndProject
Project("{2150E333-8FDC-42A3-9474-1A3956D46DE8}") = "Chapter05", "Chapter05", "{B3EABB8A-B17E-4569-8A48-03660ED787FD}"
EndProject
Project("{FAE04EC0-301F-11D3-BF4B-00C04F79EFBC}") = "Exercise2", "Chapter05\Exercise2\Exercise2.csproj", "{53159B9A-5455-43C8-A12D-1E37077AAE44}"
EndProject
Project("{FAE04EC0-301F-11D3-BF4B-00C04F79EFBC}") = "Exercise3", "Chapter05\Exercise3\Exercise3.csproj", "{5D148F80-7D39-483A-945C-9CE6C03598B6}"
EndProject
Project("{FAE04EC0-301F-11D3-BF4B-00C04F79EFBC}") = "Exercise4", "Chapter05\Exercise4\Exercise4.csproj", "{31E78F12-373B-4ACC-A8AE-7892C515CBA4}"
EndProject
Project("{FAE04EC0-301F-11D3-BF4B-00C04F79EFBC}") = "Section01", "Chapter06\Section01\Section01.csproj", "{DA10BD7E-F7FB-481B-B432-0C2D9BED032B}"
EndProject
Project("{2150E333-8FDC-42A3-9474-1A3956D46DE8}") = "Chapter06", "Chapter06", "{75B3F3EA-25B4-4804-AF7C-5C13D76939DC}"
EndProject
Project("{FAE04EC0-301F-11D3-BF4B-00C04F79EFBC}") = "Exercise1", "Chapter06\Exercise\Exercise1\Exercise1.csproj", "{B5A03987-DC55-4C81-BFE6-85AE8F3BBC78}"
EndProject
Project("{FAE04EC0-301F-11D3-BF4B-00C04F79EFBC}") = "Exercise2", "Chapter06\Exercise\Exercise2\Exercise2.csproj", "{80D4869C-38D8-4363-9BB8-6716549C987B}"
EndProject
Project("{FAE04EC0-301F-11D3-BF4B-00C04F79EFBC}") = "Section03", "Chapter07\Section03\Section03.csproj", "{661F85E4-1EB3-4308-96FB-AA31456706E7}"
EndProject
Project("{2150E333-8FDC-42A3-9474-1A3956D46DE8}") = "Chapter07", "Chapter07", "{0C7AAB9A-B480-4256-8A37-6BEB6C4FC517}"
EndProject
Project("{FAE04EC0-301F-11D3-BF4B-00C04F79EFBC}") = "Exercise1", "Chapter07\Exercise1\Exercise1.csproj", "{56A88FC3-6D5A-4CB4-BFDE-80EBBA8D21C1}"
EndProject
Project("{2150E333-8FDC-42A3-9474-1A3956D46DE8}") = "Chapter08", "Chapter08", "{63E93E2E-5171-4692-8A18-DE9E9A205650}"
EndProject
Project("{FAE04EC0-301F-11D3-BF4B-00C04F79EFBC}") = "Exercise1", "Chapter08\Exercise1\Exercise1.csproj", "{B3CFB2BA-B8D0-4DDC-9EAA-41B8CA1AA09A}"
EndProject
Project("{2150E333-8FDC-42A3-9474-1A3956D46DE8}") = "Exercise", "Exercise", "{702E70B3-3AD8-47CC-9A87-161F77F53C1C}"
EndProject
Project("{FAE04EC0-301F-11D3-BF4B-00C04F79EFBC}") = "Exercise1", "Chapter08\Exercise\Exercise1\Exercise1.csproj", "{EB26FA7A-A046-4355-A8E5-7E3E20E8515C}"
EndProject
Project("{FAE04EC0-301F-11D3-BF4B-00C04F79EFBC}") = "StopWatch", "Chapter08\StopWatch\StopWatch.csproj", "{BC1C31CF-9D20-4F96-A953-C1D4BE43EDE4}"
EndProject
Project("{2150E333-8FDC-42A3-9474-1A3956D46DE8}") = "CarReportSystem", "CarReportSystem", "{72BD484E-23E4-4FA7-9F99-C780C521CE1B}"
EndProject
Project("{FAE04EC0-301F-11D3-BF4B-00C04F79EFBC}") = "CarReportSystem", "CarReportSystem\CarReportSystem\CarReportSystem.csproj", "{C64CB2F9-01A9-407A-A60B-2AE90B7A94CD}"
EndProject
Project("{FAE04EC0-301F-11D3-BF4B-00C04F79EFBC}") = "Exercise1", "Chapter09\Exercise1\Exercise1.csproj", "{F5F310CC-0FB2-4EB8-9F41-FD623004FB10}"
EndProject
Project("{2150E333-8FDC-42A3-9474-1A3956D46DE8}") = "Chapter09", "Chapter09", "{32F7736C-6C08-4EDC-9A8E-2C0B877A991A}"
EndProject
Project("{FAE04EC0-301F-11D3-BF4B-00C04F79EFBC}") = "Exercise2", "Chapter09\Exercise2\Exercise2.csproj", "{375E2F3D-2936-4F3F-A4DD-D106A030B589}"
EndProject
Project("{FAE04EC0-301F-11D3-BF4B-00C04F79EFBC}") = "Sample0823", "Sample0823\Sample0823.csproj", "{270A0A69-96C8-42F1-81CF-8E5A5956BB4C}"
EndProject
Project("{FAE04EC0-301F-11D3-BF4B-00C04F79EFBC}") = "Section01", "Chapter11\Section01\Section01.csproj", "{5780DD16-CC32-4C70-9245-DB33F32EE777}"
EndProject
Project("{2150E333-8FDC-42A3-9474-1A3956D46DE8}") = "Chapter11", "Chapter11", "{4BCB1A5F-7779-47F5-89E1-3DAB9AA0CABF}"
	ProjectSection(SolutionItems) = preProject
		..\..\..\..\Downloads\novelists.xml = ..\..\..\..\Downloads\novelists.xml
	EndProjectSection
EndProject
Project("{FAE04EC0-301F-11D3-BF4B-00C04F79EFBC}") = "Excercise1", "Chapter11\Excercise1\Excercise1.csproj", "{C65CCBF9-144A-476E-A253-34530B36883D}"
EndProject
Project("{FAE04EC0-301F-11D3-BF4B-00C04F79EFBC}") = "Section02", "Chapter11\Section02\Section02.csproj", "{80A2DC2C-939D-4B9F-9923-E85AB13F43AA}"
EndProject
Project("{2150E333-8FDC-42A3-9474-1A3956D46DE8}") = "Chapter14", "Chapter14", "{ECB11934-D1E7-4C81-8AE5-91F0EDA60C52}"
EndProject
Project("{FAE04EC0-301F-11D3-BF4B-00C04F79EFBC}") = "Section04", "Chapter14\ConsoleApp1\Section04.csproj", "{3D58BDB0-C9CA-46F9-B4CA-5B6D7610ABA4}"
EndProject
Project("{2150E333-8FDC-42A3-9474-1A3956D46DE8}") = "WeatherApp", "WeatherApp", "{1E23A731-EF76-4D7D-A7D6-6F0E088BCD6C}"
EndProject
Project("{FAE04EC0-301F-11D3-BF4B-00C04F79EFBC}") = "WeatherApp", "WeatherApp\WeatherApp\WeatherApp.csproj", "{8F74B0B4-2B8F-4223-B001-CA4CF8C5A732}"
EndProject
Project("{2150E333-8FDC-42A3-9474-1A3956D46DE8}") = "RssReader", "RssReader", "{F6307520-42F3-4F0B-BF80-600D1C94D741}"
EndProject
Project("{FAE04EC0-301F-11D3-BF4B-00C04F79EFBC}") = "RssReader", "RssReader\RssReader\RssReader.csproj", "{FC31E1FB-F6C3-4BD3-A437-DF3D8DEE93B1}"
EndProject
Project("{2150E333-8FDC-42A3-9474-1A3956D46DE8}") = "SendMail", "SendMail", "{8E0354EF-6F91-41D8-883B-0EC410DEA228}"
EndProject
Project("{FAE04EC0-301F-11D3-BF4B-00C04F79EFBC}") = "SendMail", "SendMail\SendMail\SendMail.csproj", "{D156DB13-0082-4216-89BD-2A7D1033B4B1}"
EndProject
Project("{FAE04EC0-301F-11D3-BF4B-00C04F79EFBC}") = "Section04_Json", "Chapter14\Section04_Json\Section04_Json.csproj", "{EE09FEBA-6DDB-442D-8B95-DD43799158BE}"
EndProject
Project("{FAE04EC0-301F-11D3-BF4B-00C04F79EFBC}") = "SampleEntityFramework", "EntityFramework\SampleEntityFramework\SampleEntityFramework.csproj", "{C7C298F5-F7B0-4469-8884-6CBA5FC73FC6}"
EndProject
Project("{2150E333-8FDC-42A3-9474-1A3956D46DE8}") = "Chapter13", "Chapter13", "{32A86F51-B5F1-448D-A664-5BB33A817760}"
EndProject
Project("{2150E333-8FDC-42A3-9474-1A3956D46DE8}") = "ADO.NET", "ADO.NET", "{DC41B3C3-3185-4BB8-9731-148FC9EBD1BE}"
EndProject
Project("{FAE04EC0-301F-11D3-BF4B-00C04F79EFBC}") = "AddressBook", "ADO.NET\AddressBook\AddressBook.csproj", "{45A0E282-8B20-40BC-8B86-46BF39B6A0C3}"
EndProject
Project("{FAE04EC0-301F-11D3-BF4B-00C04F79EFBC}") = "SampleApp", "WPF\SampleApp\SampleApp.csproj", "{7CC73C67-D4DF-4905-84F4-189F7DF15E49}"
EndProject
Project("{2150E333-8FDC-42A3-9474-1A3956D46DE8}") = "WPF", "WPF", "{FA5BEE56-A252-44C6-BB76-81C9A2A58C99}"
EndProject
Project("{FAE04EC0-301F-11D3-BF4B-00C04F79EFBC}") = "SampleGridApp", "WPF\SampleGridApp\SampleGridApp.csproj", "{E01A80D0-FB6B-4DB3-9834-FE1199870AC3}"
EndProject
Project("{FAE04EC0-301F-11D3-BF4B-00C04F79EFBC}") = "SampleUnitConverter", "WPF\SampleUnitConverter\SampleUnitConverter.csproj", "{93C2F043-0D1E-4523-85DB-FD954F9D575E}"
EndProject
Project("{FAE04EC0-301F-11D3-BF4B-00C04F79EFBC}") = "NumberGame", "WPF\NumberGame\NumberGame.csproj", "{FAA1BC1B-1C17-46E3-B5BB-2D619D5D4132}"
EndProject
Global
	GlobalSection(SolutionConfigurationPlatforms) = preSolution
		Debug|Any CPU = Debug|Any CPU
		Release|Any CPU = Release|Any CPU
	EndGlobalSection
	GlobalSection(ProjectConfigurationPlatforms) = postSolution
		{08367C8D-E315-48DF-BA4C-2AF5820C4C47}.Debug|Any CPU.ActiveCfg = Debug|Any CPU
		{08367C8D-E315-48DF-BA4C-2AF5820C4C47}.Debug|Any CPU.Build.0 = Debug|Any CPU
		{08367C8D-E315-48DF-BA4C-2AF5820C4C47}.Release|Any CPU.ActiveCfg = Release|Any CPU
		{08367C8D-E315-48DF-BA4C-2AF5820C4C47}.Release|Any CPU.Build.0 = Release|Any CPU
		{E6356D79-97DF-4E1A-AC0F-365CABB4C38D}.Debug|Any CPU.ActiveCfg = Debug|Any CPU
		{E6356D79-97DF-4E1A-AC0F-365CABB4C38D}.Debug|Any CPU.Build.0 = Debug|Any CPU
		{E6356D79-97DF-4E1A-AC0F-365CABB4C38D}.Release|Any CPU.ActiveCfg = Release|Any CPU
		{E6356D79-97DF-4E1A-AC0F-365CABB4C38D}.Release|Any CPU.Build.0 = Release|Any CPU
		{AB0D8E85-FA4C-481B-B3A0-DCFCE28300A5}.Debug|Any CPU.ActiveCfg = Debug|Any CPU
		{AB0D8E85-FA4C-481B-B3A0-DCFCE28300A5}.Debug|Any CPU.Build.0 = Debug|Any CPU
		{AB0D8E85-FA4C-481B-B3A0-DCFCE28300A5}.Release|Any CPU.ActiveCfg = Release|Any CPU
		{AB0D8E85-FA4C-481B-B3A0-DCFCE28300A5}.Release|Any CPU.Build.0 = Release|Any CPU
		{0DCA2699-156E-4B39-963A-1107511FB7DE}.Debug|Any CPU.ActiveCfg = Debug|Any CPU
		{0DCA2699-156E-4B39-963A-1107511FB7DE}.Debug|Any CPU.Build.0 = Debug|Any CPU
		{0DCA2699-156E-4B39-963A-1107511FB7DE}.Release|Any CPU.ActiveCfg = Release|Any CPU
		{0DCA2699-156E-4B39-963A-1107511FB7DE}.Release|Any CPU.Build.0 = Release|Any CPU
		{1A66CF2A-C3CB-47E2-8F8C-CC3EE7E31DC3}.Debug|Any CPU.ActiveCfg = Debug|Any CPU
		{1A66CF2A-C3CB-47E2-8F8C-CC3EE7E31DC3}.Debug|Any CPU.Build.0 = Debug|Any CPU
		{1A66CF2A-C3CB-47E2-8F8C-CC3EE7E31DC3}.Release|Any CPU.ActiveCfg = Release|Any CPU
		{1A66CF2A-C3CB-47E2-8F8C-CC3EE7E31DC3}.Release|Any CPU.Build.0 = Release|Any CPU
		{B70B4994-3976-43BA-BEE5-02D41FF05F7A}.Debug|Any CPU.ActiveCfg = Debug|Any CPU
		{B70B4994-3976-43BA-BEE5-02D41FF05F7A}.Debug|Any CPU.Build.0 = Debug|Any CPU
		{B70B4994-3976-43BA-BEE5-02D41FF05F7A}.Release|Any CPU.ActiveCfg = Release|Any CPU
		{B70B4994-3976-43BA-BEE5-02D41FF05F7A}.Release|Any CPU.Build.0 = Release|Any CPU
		{79AADBC6-9932-4599-9B04-ECC4047392C4}.Debug|Any CPU.ActiveCfg = Debug|Any CPU
		{79AADBC6-9932-4599-9B04-ECC4047392C4}.Debug|Any CPU.Build.0 = Debug|Any CPU
		{79AADBC6-9932-4599-9B04-ECC4047392C4}.Release|Any CPU.ActiveCfg = Release|Any CPU
		{79AADBC6-9932-4599-9B04-ECC4047392C4}.Release|Any CPU.Build.0 = Release|Any CPU
		{E0399880-6E1C-4906-AD6D-229D53D6ABEE}.Debug|Any CPU.ActiveCfg = Debug|Any CPU
		{E0399880-6E1C-4906-AD6D-229D53D6ABEE}.Debug|Any CPU.Build.0 = Debug|Any CPU
		{E0399880-6E1C-4906-AD6D-229D53D6ABEE}.Release|Any CPU.ActiveCfg = Release|Any CPU
		{E0399880-6E1C-4906-AD6D-229D53D6ABEE}.Release|Any CPU.Build.0 = Release|Any CPU
		{C3143E34-C8DC-4ECA-8CAC-AF9372931CE7}.Debug|Any CPU.ActiveCfg = Debug|Any CPU
		{C3143E34-C8DC-4ECA-8CAC-AF9372931CE7}.Debug|Any CPU.Build.0 = Debug|Any CPU
		{C3143E34-C8DC-4ECA-8CAC-AF9372931CE7}.Release|Any CPU.ActiveCfg = Release|Any CPU
		{C3143E34-C8DC-4ECA-8CAC-AF9372931CE7}.Release|Any CPU.Build.0 = Release|Any CPU
		{5DEBB4A6-DADA-4916-A38B-BD61EFE55DEC}.Debug|Any CPU.ActiveCfg = Debug|Any CPU
		{5DEBB4A6-DADA-4916-A38B-BD61EFE55DEC}.Debug|Any CPU.Build.0 = Debug|Any CPU
		{5DEBB4A6-DADA-4916-A38B-BD61EFE55DEC}.Release|Any CPU.ActiveCfg = Release|Any CPU
		{5DEBB4A6-DADA-4916-A38B-BD61EFE55DEC}.Release|Any CPU.Build.0 = Release|Any CPU
		{53159B9A-5455-43C8-A12D-1E37077AAE44}.Debug|Any CPU.ActiveCfg = Debug|Any CPU
		{53159B9A-5455-43C8-A12D-1E37077AAE44}.Debug|Any CPU.Build.0 = Debug|Any CPU
		{53159B9A-5455-43C8-A12D-1E37077AAE44}.Release|Any CPU.ActiveCfg = Release|Any CPU
		{53159B9A-5455-43C8-A12D-1E37077AAE44}.Release|Any CPU.Build.0 = Release|Any CPU
		{5D148F80-7D39-483A-945C-9CE6C03598B6}.Debug|Any CPU.ActiveCfg = Debug|Any CPU
		{5D148F80-7D39-483A-945C-9CE6C03598B6}.Debug|Any CPU.Build.0 = Debug|Any CPU
		{5D148F80-7D39-483A-945C-9CE6C03598B6}.Release|Any CPU.ActiveCfg = Release|Any CPU
		{5D148F80-7D39-483A-945C-9CE6C03598B6}.Release|Any CPU.Build.0 = Release|Any CPU
		{31E78F12-373B-4ACC-A8AE-7892C515CBA4}.Debug|Any CPU.ActiveCfg = Debug|Any CPU
		{31E78F12-373B-4ACC-A8AE-7892C515CBA4}.Debug|Any CPU.Build.0 = Debug|Any CPU
		{31E78F12-373B-4ACC-A8AE-7892C515CBA4}.Release|Any CPU.ActiveCfg = Release|Any CPU
		{31E78F12-373B-4ACC-A8AE-7892C515CBA4}.Release|Any CPU.Build.0 = Release|Any CPU
		{DA10BD7E-F7FB-481B-B432-0C2D9BED032B}.Debug|Any CPU.ActiveCfg = Debug|Any CPU
		{DA10BD7E-F7FB-481B-B432-0C2D9BED032B}.Debug|Any CPU.Build.0 = Debug|Any CPU
		{DA10BD7E-F7FB-481B-B432-0C2D9BED032B}.Release|Any CPU.ActiveCfg = Release|Any CPU
		{DA10BD7E-F7FB-481B-B432-0C2D9BED032B}.Release|Any CPU.Build.0 = Release|Any CPU
		{B5A03987-DC55-4C81-BFE6-85AE8F3BBC78}.Debug|Any CPU.ActiveCfg = Debug|Any CPU
		{B5A03987-DC55-4C81-BFE6-85AE8F3BBC78}.Debug|Any CPU.Build.0 = Debug|Any CPU
		{B5A03987-DC55-4C81-BFE6-85AE8F3BBC78}.Release|Any CPU.ActiveCfg = Release|Any CPU
		{B5A03987-DC55-4C81-BFE6-85AE8F3BBC78}.Release|Any CPU.Build.0 = Release|Any CPU
		{80D4869C-38D8-4363-9BB8-6716549C987B}.Debug|Any CPU.ActiveCfg = Debug|Any CPU
		{80D4869C-38D8-4363-9BB8-6716549C987B}.Debug|Any CPU.Build.0 = Debug|Any CPU
		{80D4869C-38D8-4363-9BB8-6716549C987B}.Release|Any CPU.ActiveCfg = Release|Any CPU
		{80D4869C-38D8-4363-9BB8-6716549C987B}.Release|Any CPU.Build.0 = Release|Any CPU
		{661F85E4-1EB3-4308-96FB-AA31456706E7}.Debug|Any CPU.ActiveCfg = Debug|Any CPU
		{661F85E4-1EB3-4308-96FB-AA31456706E7}.Debug|Any CPU.Build.0 = Debug|Any CPU
		{661F85E4-1EB3-4308-96FB-AA31456706E7}.Release|Any CPU.ActiveCfg = Release|Any CPU
		{661F85E4-1EB3-4308-96FB-AA31456706E7}.Release|Any CPU.Build.0 = Release|Any CPU
		{56A88FC3-6D5A-4CB4-BFDE-80EBBA8D21C1}.Debug|Any CPU.ActiveCfg = Debug|Any CPU
		{56A88FC3-6D5A-4CB4-BFDE-80EBBA8D21C1}.Debug|Any CPU.Build.0 = Debug|Any CPU
		{56A88FC3-6D5A-4CB4-BFDE-80EBBA8D21C1}.Release|Any CPU.ActiveCfg = Release|Any CPU
		{56A88FC3-6D5A-4CB4-BFDE-80EBBA8D21C1}.Release|Any CPU.Build.0 = Release|Any CPU
		{B3CFB2BA-B8D0-4DDC-9EAA-41B8CA1AA09A}.Debug|Any CPU.ActiveCfg = Debug|Any CPU
		{B3CFB2BA-B8D0-4DDC-9EAA-41B8CA1AA09A}.Debug|Any CPU.Build.0 = Debug|Any CPU
		{B3CFB2BA-B8D0-4DDC-9EAA-41B8CA1AA09A}.Release|Any CPU.ActiveCfg = Release|Any CPU
		{B3CFB2BA-B8D0-4DDC-9EAA-41B8CA1AA09A}.Release|Any CPU.Build.0 = Release|Any CPU
		{EB26FA7A-A046-4355-A8E5-7E3E20E8515C}.Debug|Any CPU.ActiveCfg = Debug|Any CPU
		{EB26FA7A-A046-4355-A8E5-7E3E20E8515C}.Debug|Any CPU.Build.0 = Debug|Any CPU
		{EB26FA7A-A046-4355-A8E5-7E3E20E8515C}.Release|Any CPU.ActiveCfg = Release|Any CPU
		{EB26FA7A-A046-4355-A8E5-7E3E20E8515C}.Release|Any CPU.Build.0 = Release|Any CPU
		{BC1C31CF-9D20-4F96-A953-C1D4BE43EDE4}.Debug|Any CPU.ActiveCfg = Debug|Any CPU
		{BC1C31CF-9D20-4F96-A953-C1D4BE43EDE4}.Debug|Any CPU.Build.0 = Debug|Any CPU
		{BC1C31CF-9D20-4F96-A953-C1D4BE43EDE4}.Release|Any CPU.ActiveCfg = Release|Any CPU
		{BC1C31CF-9D20-4F96-A953-C1D4BE43EDE4}.Release|Any CPU.Build.0 = Release|Any CPU
		{C64CB2F9-01A9-407A-A60B-2AE90B7A94CD}.Debug|Any CPU.ActiveCfg = Debug|Any CPU
		{C64CB2F9-01A9-407A-A60B-2AE90B7A94CD}.Debug|Any CPU.Build.0 = Debug|Any CPU
		{C64CB2F9-01A9-407A-A60B-2AE90B7A94CD}.Release|Any CPU.ActiveCfg = Release|Any CPU
		{C64CB2F9-01A9-407A-A60B-2AE90B7A94CD}.Release|Any CPU.Build.0 = Release|Any CPU
		{F5F310CC-0FB2-4EB8-9F41-FD623004FB10}.Debug|Any CPU.ActiveCfg = Debug|Any CPU
		{F5F310CC-0FB2-4EB8-9F41-FD623004FB10}.Debug|Any CPU.Build.0 = Debug|Any CPU
		{F5F310CC-0FB2-4EB8-9F41-FD623004FB10}.Release|Any CPU.ActiveCfg = Release|Any CPU
		{F5F310CC-0FB2-4EB8-9F41-FD623004FB10}.Release|Any CPU.Build.0 = Release|Any CPU
		{375E2F3D-2936-4F3F-A4DD-D106A030B589}.Debug|Any CPU.ActiveCfg = Debug|Any CPU
		{375E2F3D-2936-4F3F-A4DD-D106A030B589}.Debug|Any CPU.Build.0 = Debug|Any CPU
		{375E2F3D-2936-4F3F-A4DD-D106A030B589}.Release|Any CPU.ActiveCfg = Release|Any CPU
		{375E2F3D-2936-4F3F-A4DD-D106A030B589}.Release|Any CPU.Build.0 = Release|Any CPU
		{270A0A69-96C8-42F1-81CF-8E5A5956BB4C}.Debug|Any CPU.ActiveCfg = Debug|Any CPU
		{270A0A69-96C8-42F1-81CF-8E5A5956BB4C}.Debug|Any CPU.Build.0 = Debug|Any CPU
		{270A0A69-96C8-42F1-81CF-8E5A5956BB4C}.Release|Any CPU.ActiveCfg = Release|Any CPU
		{270A0A69-96C8-42F1-81CF-8E5A5956BB4C}.Release|Any CPU.Build.0 = Release|Any CPU
		{5780DD16-CC32-4C70-9245-DB33F32EE777}.Debug|Any CPU.ActiveCfg = Debug|Any CPU
		{5780DD16-CC32-4C70-9245-DB33F32EE777}.Debug|Any CPU.Build.0 = Debug|Any CPU
		{5780DD16-CC32-4C70-9245-DB33F32EE777}.Release|Any CPU.ActiveCfg = Release|Any CPU
		{5780DD16-CC32-4C70-9245-DB33F32EE777}.Release|Any CPU.Build.0 = Release|Any CPU
		{C65CCBF9-144A-476E-A253-34530B36883D}.Debug|Any CPU.ActiveCfg = Debug|Any CPU
		{C65CCBF9-144A-476E-A253-34530B36883D}.Debug|Any CPU.Build.0 = Debug|Any CPU
		{C65CCBF9-144A-476E-A253-34530B36883D}.Release|Any CPU.ActiveCfg = Release|Any CPU
		{C65CCBF9-144A-476E-A253-34530B36883D}.Release|Any CPU.Build.0 = Release|Any CPU
		{80A2DC2C-939D-4B9F-9923-E85AB13F43AA}.Debug|Any CPU.ActiveCfg = Debug|Any CPU
		{80A2DC2C-939D-4B9F-9923-E85AB13F43AA}.Debug|Any CPU.Build.0 = Debug|Any CPU
		{80A2DC2C-939D-4B9F-9923-E85AB13F43AA}.Release|Any CPU.ActiveCfg = Release|Any CPU
		{80A2DC2C-939D-4B9F-9923-E85AB13F43AA}.Release|Any CPU.Build.0 = Release|Any CPU
		{3D58BDB0-C9CA-46F9-B4CA-5B6D7610ABA4}.Debug|Any CPU.ActiveCfg = Debug|Any CPU
		{3D58BDB0-C9CA-46F9-B4CA-5B6D7610ABA4}.Debug|Any CPU.Build.0 = Debug|Any CPU
		{3D58BDB0-C9CA-46F9-B4CA-5B6D7610ABA4}.Release|Any CPU.ActiveCfg = Release|Any CPU
		{3D58BDB0-C9CA-46F9-B4CA-5B6D7610ABA4}.Release|Any CPU.Build.0 = Release|Any CPU
		{8F74B0B4-2B8F-4223-B001-CA4CF8C5A732}.Debug|Any CPU.ActiveCfg = Debug|Any CPU
		{8F74B0B4-2B8F-4223-B001-CA4CF8C5A732}.Debug|Any CPU.Build.0 = Debug|Any CPU
		{8F74B0B4-2B8F-4223-B001-CA4CF8C5A732}.Release|Any CPU.ActiveCfg = Release|Any CPU
		{8F74B0B4-2B8F-4223-B001-CA4CF8C5A732}.Release|Any CPU.Build.0 = Release|Any CPU
		{FC31E1FB-F6C3-4BD3-A437-DF3D8DEE93B1}.Debug|Any CPU.ActiveCfg = Debug|Any CPU
		{FC31E1FB-F6C3-4BD3-A437-DF3D8DEE93B1}.Debug|Any CPU.Build.0 = Debug|Any CPU
		{FC31E1FB-F6C3-4BD3-A437-DF3D8DEE93B1}.Release|Any CPU.ActiveCfg = Release|Any CPU
		{FC31E1FB-F6C3-4BD3-A437-DF3D8DEE93B1}.Release|Any CPU.Build.0 = Release|Any CPU
		{D156DB13-0082-4216-89BD-2A7D1033B4B1}.Debug|Any CPU.ActiveCfg = Debug|Any CPU
		{D156DB13-0082-4216-89BD-2A7D1033B4B1}.Debug|Any CPU.Build.0 = Debug|Any CPU
		{D156DB13-0082-4216-89BD-2A7D1033B4B1}.Release|Any CPU.ActiveCfg = Release|Any CPU
		{D156DB13-0082-4216-89BD-2A7D1033B4B1}.Release|Any CPU.Build.0 = Release|Any CPU
		{EE09FEBA-6DDB-442D-8B95-DD43799158BE}.Debug|Any CPU.ActiveCfg = Debug|Any CPU
		{EE09FEBA-6DDB-442D-8B95-DD43799158BE}.Debug|Any CPU.Build.0 = Debug|Any CPU
		{EE09FEBA-6DDB-442D-8B95-DD43799158BE}.Release|Any CPU.ActiveCfg = Release|Any CPU
		{EE09FEBA-6DDB-442D-8B95-DD43799158BE}.Release|Any CPU.Build.0 = Release|Any CPU
		{C7C298F5-F7B0-4469-8884-6CBA5FC73FC6}.Debug|Any CPU.ActiveCfg = Debug|Any CPU
		{C7C298F5-F7B0-4469-8884-6CBA5FC73FC6}.Debug|Any CPU.Build.0 = Debug|Any CPU
		{C7C298F5-F7B0-4469-8884-6CBA5FC73FC6}.Release|Any CPU.ActiveCfg = Release|Any CPU
		{C7C298F5-F7B0-4469-8884-6CBA5FC73FC6}.Release|Any CPU.Build.0 = Release|Any CPU
		{45A0E282-8B20-40BC-8B86-46BF39B6A0C3}.Debug|Any CPU.ActiveCfg = Debug|Any CPU
		{45A0E282-8B20-40BC-8B86-46BF39B6A0C3}.Debug|Any CPU.Build.0 = Debug|Any CPU
		{45A0E282-8B20-40BC-8B86-46BF39B6A0C3}.Release|Any CPU.ActiveCfg = Release|Any CPU
		{45A0E282-8B20-40BC-8B86-46BF39B6A0C3}.Release|Any CPU.Build.0 = Release|Any CPU
		{7CC73C67-D4DF-4905-84F4-189F7DF15E49}.Debug|Any CPU.ActiveCfg = Debug|Any CPU
		{7CC73C67-D4DF-4905-84F4-189F7DF15E49}.Debug|Any CPU.Build.0 = Debug|Any CPU
		{7CC73C67-D4DF-4905-84F4-189F7DF15E49}.Release|Any CPU.ActiveCfg = Release|Any CPU
		{7CC73C67-D4DF-4905-84F4-189F7DF15E49}.Release|Any CPU.Build.0 = Release|Any CPU
		{E01A80D0-FB6B-4DB3-9834-FE1199870AC3}.Debug|Any CPU.ActiveCfg = Debug|Any CPU
		{E01A80D0-FB6B-4DB3-9834-FE1199870AC3}.Debug|Any CPU.Build.0 = Debug|Any CPU
		{E01A80D0-FB6B-4DB3-9834-FE1199870AC3}.Release|Any CPU.ActiveCfg = Release|Any CPU
		{E01A80D0-FB6B-4DB3-9834-FE1199870AC3}.Release|Any CPU.Build.0 = Release|Any CPU
		{93C2F043-0D1E-4523-85DB-FD954F9D575E}.Debug|Any CPU.ActiveCfg = Debug|Any CPU
		{93C2F043-0D1E-4523-85DB-FD954F9D575E}.Debug|Any CPU.Build.0 = Debug|Any CPU
		{93C2F043-0D1E-4523-85DB-FD954F9D575E}.Release|Any CPU.ActiveCfg = Release|Any CPU
		{93C2F043-0D1E-4523-85DB-FD954F9D575E}.Release|Any CPU.Build.0 = Release|Any CPU
		{FAA1BC1B-1C17-46E3-B5BB-2D619D5D4132}.Debug|Any CPU.ActiveCfg = Debug|Any CPU
		{FAA1BC1B-1C17-46E3-B5BB-2D619D5D4132}.Debug|Any CPU.Build.0 = Debug|Any CPU
		{FAA1BC1B-1C17-46E3-B5BB-2D619D5D4132}.Release|Any CPU.ActiveCfg = Release|Any CPU
		{FAA1BC1B-1C17-46E3-B5BB-2D619D5D4132}.Release|Any CPU.Build.0 = Release|Any CPU
	EndGlobalSection
	GlobalSection(SolutionProperties) = preSolution
		HideSolutionNode = FALSE
	EndGlobalSection
	GlobalSection(NestedProjects) = preSolution
		{08367C8D-E315-48DF-BA4C-2AF5820C4C47} = {A7A48AFF-E042-4BD7-B8B1-38E81844716A}
		{E6356D79-97DF-4E1A-AC0F-365CABB4C38D} = {A7A48AFF-E042-4BD7-B8B1-38E81844716A}
		{AB0D8E85-FA4C-481B-B3A0-DCFCE28300A5} = {0708B073-DE44-45E8-B586-2847C784F50F}
		{0708B073-DE44-45E8-B586-2847C784F50F} = {A7A48AFF-E042-4BD7-B8B1-38E81844716A}
		{0DCA2699-156E-4B39-963A-1107511FB7DE} = {0708B073-DE44-45E8-B586-2847C784F50F}
		{1A66CF2A-C3CB-47E2-8F8C-CC3EE7E31DC3} = {0708B073-DE44-45E8-B586-2847C784F50F}
		{B70B4994-3976-43BA-BEE5-02D41FF05F7A} = {01E6C537-FC46-4BCC-B823-712E44670A20}
		{79AADBC6-9932-4599-9B04-ECC4047392C4} = {4913B759-1A46-4F10-AE6C-25644E075A0B}
		{907BC474-3DA9-4BC6-BE77-79FA3B600E8F} = {4913B759-1A46-4F10-AE6C-25644E075A0B}
		{E0399880-6E1C-4906-AD6D-229D53D6ABEE} = {907BC474-3DA9-4BC6-BE77-79FA3B600E8F}
		{C3143E34-C8DC-4ECA-8CAC-AF9372931CE7} = {907BC474-3DA9-4BC6-BE77-79FA3B600E8F}
		{5DEBB4A6-DADA-4916-A38B-BD61EFE55DEC} = {B3EABB8A-B17E-4569-8A48-03660ED787FD}
		{53159B9A-5455-43C8-A12D-1E37077AAE44} = {B3EABB8A-B17E-4569-8A48-03660ED787FD}
		{5D148F80-7D39-483A-945C-9CE6C03598B6} = {B3EABB8A-B17E-4569-8A48-03660ED787FD}
		{31E78F12-373B-4ACC-A8AE-7892C515CBA4} = {B3EABB8A-B17E-4569-8A48-03660ED787FD}
		{DA10BD7E-F7FB-481B-B432-0C2D9BED032B} = {75B3F3EA-25B4-4804-AF7C-5C13D76939DC}
		{B5A03987-DC55-4C81-BFE6-85AE8F3BBC78} = {75B3F3EA-25B4-4804-AF7C-5C13D76939DC}
		{80D4869C-38D8-4363-9BB8-6716549C987B} = {75B3F3EA-25B4-4804-AF7C-5C13D76939DC}
		{661F85E4-1EB3-4308-96FB-AA31456706E7} = {0C7AAB9A-B480-4256-8A37-6BEB6C4FC517}
		{56A88FC3-6D5A-4CB4-BFDE-80EBBA8D21C1} = {0C7AAB9A-B480-4256-8A37-6BEB6C4FC517}
		{B3CFB2BA-B8D0-4DDC-9EAA-41B8CA1AA09A} = {63E93E2E-5171-4692-8A18-DE9E9A205650}
		{702E70B3-3AD8-47CC-9A87-161F77F53C1C} = {63E93E2E-5171-4692-8A18-DE9E9A205650}
		{EB26FA7A-A046-4355-A8E5-7E3E20E8515C} = {702E70B3-3AD8-47CC-9A87-161F77F53C1C}
		{BC1C31CF-9D20-4F96-A953-C1D4BE43EDE4} = {702E70B3-3AD8-47CC-9A87-161F77F53C1C}
		{C64CB2F9-01A9-407A-A60B-2AE90B7A94CD} = {72BD484E-23E4-4FA7-9F99-C780C521CE1B}
		{F5F310CC-0FB2-4EB8-9F41-FD623004FB10} = {32F7736C-6C08-4EDC-9A8E-2C0B877A991A}
		{375E2F3D-2936-4F3F-A4DD-D106A030B589} = {32F7736C-6C08-4EDC-9A8E-2C0B877A991A}
		{5780DD16-CC32-4C70-9245-DB33F32EE777} = {4BCB1A5F-7779-47F5-89E1-3DAB9AA0CABF}
		{80A2DC2C-939D-4B9F-9923-E85AB13F43AA} = {4BCB1A5F-7779-47F5-89E1-3DAB9AA0CABF}
		{3D58BDB0-C9CA-46F9-B4CA-5B6D7610ABA4} = {ECB11934-D1E7-4C81-8AE5-91F0EDA60C52}
		{8F74B0B4-2B8F-4223-B001-CA4CF8C5A732} = {1E23A731-EF76-4D7D-A7D6-6F0E088BCD6C}
		{FC31E1FB-F6C3-4BD3-A437-DF3D8DEE93B1} = {F6307520-42F3-4F0B-BF80-600D1C94D741}
		{D156DB13-0082-4216-89BD-2A7D1033B4B1} = {8E0354EF-6F91-41D8-883B-0EC410DEA228}
		{EE09FEBA-6DDB-442D-8B95-DD43799158BE} = {ECB11934-D1E7-4C81-8AE5-91F0EDA60C52}
		{C7C298F5-F7B0-4469-8884-6CBA5FC73FC6} = {32A86F51-B5F1-448D-A664-5BB33A817760}
		{45A0E282-8B20-40BC-8B86-46BF39B6A0C3} = {DC41B3C3-3185-4BB8-9731-148FC9EBD1BE}
		{7CC73C67-D4DF-4905-84F4-189F7DF15E49} = {FA5BEE56-A252-44C6-BB76-81C9A2A58C99}
		{E01A80D0-FB6B-4DB3-9834-FE1199870AC3} = {FA5BEE56-A252-44C6-BB76-81C9A2A58C99}
		{93C2F043-0D1E-4523-85DB-FD954F9D575E} = {FA5BEE56-A252-44C6-BB76-81C9A2A58C99}
		{FAA1BC1B-1C17-46E3-B5BB-2D619D5D4132} = {FA5BEE56-A252-44C6-BB76-81C9A2A58C99}
	EndGlobalSection
	GlobalSection(ExtensibilityGlobals) = postSolution
		SolutionGuid = {328D0478-8B13-4E3F-A9A5-9D83BCA862A1}
	EndGlobalSection
EndGlobal
