
Microsoft Visual Studio Solution File, Format Version 12.00
# Visual Studio Version 16
VisualStudioVersion = 16.0.31112.23
MinimumVisualStudioVersion = 10.0.40219.1
Project("{2150E333-8FDC-42A3-9474-1A3956D46DE8}") = "Chapter02", "Chapter02", "{A7A48AFF-E042-4BD7-B8B1-38E81844716A}"
EndProject
Project("{FAE04EC0-301F-11D3-BF4B-00C04F79EFBC}") = "DistanceConverter", "DistanceConverter\DistanceConverter.csproj", "{08367C8D-E315-48DF-BA4C-2AF5820C4C47}"
EndProject
Project("{FAE04EC0-301F-11D3-BF4B-00C04F79EFBC}") = "SalesCalculator", "SalesCalculator\SalesCalculator.csproj", "{E6356D79-97DF-4E1A-AC0F-365CABB4C38D}"
EndProject
Project("{FAE04EC0-301F-11D3-BF4B-00C04F79EFBC}") = "Exercise1", "Exercise1\Exercise1.csproj", "{AB0D8E85-FA4C-481B-B3A0-DCFCE28300A5}"
EndProject
Project("{2150E333-8FDC-42A3-9474-1A3956D46DE8}") = "Exercise", "Exercise", "{0708B073-DE44-45E8-B586-2847C784F50F}"
EndProject
Project("{FAE04EC0-301F-11D3-BF4B-00C04F79EFBC}") = "Exercise2", "Exercise2\Exercise2.csproj", "{0DCA2699-156E-4B39-963A-1107511FB7DE}"
EndProject
Project("{FAE04EC0-301F-11D3-BF4B-00C04F79EFBC}") = "Exercise3", "Exercise3\Exercise3.csproj", "{1A66CF2A-C3CB-47E2-8F8C-CC3EE7E31DC3}"
EndProject
Project("{2150E333-8FDC-42A3-9474-1A3956D46DE8}") = "Chapter03", "Chapter03", "{01E6C537-FC46-4BCC-B823-712E44670A20}"
EndProject
Project("{FAE04EC0-301F-11D3-BF4B-00C04F79EFBC}") = "Section01", "Section01\Section01.csproj", "{B70B4994-3976-43BA-BEE5-02D41FF05F7A}"
EndProject
Project("{FAE04EC0-301F-11D3-BF4B-00C04F79EFBC}") = "Section01", "Chapter04\Section01\Section01.csproj", "{79AADBC6-9932-4599-9B04-ECC4047392C4}"
EndProject
Project("{2150E333-8FDC-42A3-9474-1A3956D46DE8}") = "Chapter04", "Chapter04", "{4913B759-1A46-4F10-AE6C-25644E075A0B}"
EndProject
Global
	GlobalSection(SolutionConfigurationPlatforms) = preSolution
		Debug|Any CPU = Debug|Any CPU
		Release|Any CPU = Release|Any CPU
	EndGlobalSection
	GlobalSection(ProjectConfigurationPlatforms) = postSolution
		{08367C8D-E315-48DF-BA4C-2AF5820C4C47}.Debug|Any CPU.ActiveCfg = Debug|Any CPU
		{08367C8D-E315-48DF-BA4C-2AF5820C4C47}.Debug|Any CPU.Build.0 = Debug|Any CPU
		{08367C8D-E315-48DF-BA4C-2AF5820C4C47}.Release|Any CPU.ActiveCfg = Release|Any CPU
		{08367C8D-E315-48DF-BA4C-2AF5820C4C47}.Release|Any CPU.Build.0 = Release|Any CPU
		{E6356D79-97DF-4E1A-AC0F-365CABB4C38D}.Debug|Any CPU.ActiveCfg = Debug|Any CPU
		{E6356D79-97DF-4E1A-AC0F-365CABB4C38D}.Debug|Any CPU.Build.0 = Debug|Any CPU
		{E6356D79-97DF-4E1A-AC0F-365CABB4C38D}.Release|Any CPU.ActiveCfg = Release|Any CPU
		{E6356D79-97DF-4E1A-AC0F-365CABB4C38D}.Release|Any CPU.Build.0 = Release|Any CPU
		{AB0D8E85-FA4C-481B-B3A0-DCFCE28300A5}.Debug|Any CPU.ActiveCfg = Debug|Any CPU
		{AB0D8E85-FA4C-481B-B3A0-DCFCE28300A5}.Debug|Any CPU.Build.0 = Debug|Any CPU
		{AB0D8E85-FA4C-481B-B3A0-DCFCE28300A5}.Release|Any CPU.ActiveCfg = Release|Any CPU
		{AB0D8E85-FA4C-481B-B3A0-DCFCE28300A5}.Release|Any CPU.Build.0 = Release|Any CPU
		{0DCA2699-156E-4B39-963A-1107511FB7DE}.Debug|Any CPU.ActiveCfg = Debug|Any CPU
		{0DCA2699-156E-4B39-963A-1107511FB7DE}.Debug|Any CPU.Build.0 = Debug|Any CPU
		{0DCA2699-156E-4B39-963A-1107511FB7DE}.Release|Any CPU.ActiveCfg = Release|Any CPU
		{0DCA2699-156E-4B39-963A-1107511FB7DE}.Release|Any CPU.Build.0 = Release|Any CPU
		{1A66CF2A-C3CB-47E2-8F8C-CC3EE7E31DC3}.Debug|Any CPU.ActiveCfg = Debug|Any CPU
		{1A66CF2A-C3CB-47E2-8F8C-CC3EE7E31DC3}.Debug|Any CPU.Build.0 = Debug|Any CPU
		{1A66CF2A-C3CB-47E2-8F8C-CC3EE7E31DC3}.Release|Any CPU.ActiveCfg = Release|Any CPU
		{1A66CF2A-C3CB-47E2-8F8C-CC3EE7E31DC3}.Release|Any CPU.Build.0 = Release|Any CPU
		{B70B4994-3976-43BA-BEE5-02D41FF05F7A}.Debug|Any CPU.ActiveCfg = Debug|Any CPU
		{B70B4994-3976-43BA-BEE5-02D41FF05F7A}.Debug|Any CPU.Build.0 = Debug|Any CPU
		{B70B4994-3976-43BA-BEE5-02D41FF05F7A}.Release|Any CPU.ActiveCfg = Release|Any CPU
		{B70B4994-3976-43BA-BEE5-02D41FF05F7A}.Release|Any CPU.Build.0 = Release|Any CPU
		{79AADBC6-9932-4599-9B04-ECC4047392C4}.Debug|Any CPU.ActiveCfg = Debug|Any CPU
		{79AADBC6-9932-4599-9B04-ECC4047392C4}.Debug|Any CPU.Build.0 = Debug|Any CPU
		{79AADBC6-9932-4599-9B04-ECC4047392C4}.Release|Any CPU.ActiveCfg = Release|Any CPU
		{79AADBC6-9932-4599-9B04-ECC4047392C4}.Release|Any CPU.Build.0 = Release|Any CPU
	EndGlobalSection
	GlobalSection(SolutionProperties) = preSolution
		HideSolutionNode = FALSE
	EndGlobalSection
	GlobalSection(NestedProjects) = preSolution
		{08367C8D-E315-48DF-BA4C-2AF5820C4C47} = {A7A48AFF-E042-4BD7-B8B1-38E81844716A}
		{E6356D79-97DF-4E1A-AC0F-365CABB4C38D} = {A7A48AFF-E042-4BD7-B8B1-38E81844716A}
		{AB0D8E85-FA4C-481B-B3A0-DCFCE28300A5} = {0708B073-DE44-45E8-B586-2847C784F50F}
		{0708B073-DE44-45E8-B586-2847C784F50F} = {A7A48AFF-E042-4BD7-B8B1-38E81844716A}
		{0DCA2699-156E-4B39-963A-1107511FB7DE} = {0708B073-DE44-45E8-B586-2847C784F50F}
		{1A66CF2A-C3CB-47E2-8F8C-CC3EE7E31DC3} = {0708B073-DE44-45E8-B586-2847C784F50F}
		{B70B4994-3976-43BA-BEE5-02D41FF05F7A} = {01E6C537-FC46-4BCC-B823-712E44670A20}
		{79AADBC6-9932-4599-9B04-ECC4047392C4} = {4913B759-1A46-4F10-AE6C-25644E075A0B}
	EndGlobalSection
	GlobalSection(ExtensibilityGlobals) = postSolution
		SolutionGuid = {328D0478-8B13-4E3F-A9A5-9D83BCA862A1}
	EndGlobalSection
EndGlobal
